<?xml version="1.0" encoding="utf-8"?>
<Project ToolsVersion="4.0" xmlns="http://schemas.microsoft.com/developer/msbuild/2003">
  <ItemGroup>
    <Filter Include="Source Files">
      <UniqueIdentifier>{4FC737F1-C7A5-4376-A066-2A32D752A2FF}</UniqueIdentifier>
      <Extensions>cpp;c;cc;cxx;c++;cppm;ixx;def;odl;idl;hpj;bat;asm;asmx</Extensions>
    </Filter>
    <Filter Include="Header Files">
      <UniqueIdentifier>{93995380-89BD-4b04-88EB-625FBE52EBFB}</UniqueIdentifier>
      <Extensions>h;hh;hpp;hxx;h++;hm;inl;inc;ipp;xsd</Extensions>
    </Filter>
    <Filter Include="Resource Files">
      <UniqueIdentifier>{67DA6AB6-F800-4c08-8B7A-83BB121AAD01}</UniqueIdentifier>
      <Extensions>rc;ico;cur;bmp;dlg;rc2;rct;bin;rgs;gif;jpg;jpeg;jpe;resx;tiff;tif;png;wav;mfcribbon-ms</Extensions>
    </Filter>
  </ItemGroup>
  <ItemGroup>
    <ClCompile Include="dllmain.cpp">
      <Filter>Source Files</Filter>
    </ClCompile>
    <ClCompile Include="Hooks\Hooks.cpp">
      <Filter>Source Files</Filter>
    </ClCompile>
    <ClCompile Include="GameFuncs\coregame_interface\Studio.cpp">
      <Filter>Source Files</Filter>
    </ClCompile>
    <ClCompile Include="GameFuncs\game\GameGod.cpp">
      <Filter>Source Files</Filter>
    </ClCompile>
    <ClCompile Include="GameFuncs\main\RunCodes.cpp">
      <Filter>Source Files</Filter>
    </ClCompile>
    <ClCompile Include="GameFuncs\system\Log.cpp">
      <Filter>Source Files</Filter>
    </ClCompile>
    <ClCompile Include="GameFuncs\game\GameTime.cpp">
      <Filter>Source Files</Filter>
    </ClCompile>
    <ClCompile Include="Memory\Memory.cpp">
      <Filter>Source Files</Filter>
    </ClCompile>
    <ClCompile Include="Patches\Patches.cpp">
      <Filter>Source Files</Filter>
    </ClCompile>
    <ClCompile Include="Patches\ConsoleEditPatch.cpp">
      <Filter>Source Files</Filter>
    </ClCompile>
    <ClCompile Include="GameFuncs\util\VarSys.cpp">
      <Filter>Source Files</Filter>
    </ClCompile>
    <ClCompile Include="GameFuncs\graphics\Terrain.cpp">
      <Filter>Source Files</Filter>
    </ClCompile>
    <ClCompile Include="GameFuncs\graphics\Vid.cpp">
      <Filter>Source Files</Filter>
    </ClCompile>
    <ClCompile Include="GameFuncs\graphics\Vid_enumdx.cpp">
      <Filter>Source Files</Filter>
    </ClCompile>
    <ClCompile Include="GameFuncs\multiplayer\MultiPlayer_Data.cpp">
      <Filter>Source Files</Filter>
    </ClCompile>
    <ClCompile Include="GameFuncs\system\Utils.cpp">
      <Filter>Source Files</Filter>
    </ClCompile>
    <ClCompile Include="LuaEngine\LuaEngine.cpp">
      <Filter>Source Files</Filter>
    </ClCompile>
    <ClCompile Include="Settings.cpp">
      <Filter>Source Files</Filter>
    </ClCompile>
    <ClCompile Include="GameFuncs\system\Crc.cpp">
      <Filter>Source Files</Filter>
    </ClCompile>
    <ClCompile Include="GameFuncs\styxnet\Styxnet_Client.cpp">
      <Filter>Source Files</Filter>
    </ClCompile>
    <ClCompile Include="GameFuncs\util\Console.cpp">
      <Filter>Source Files</Filter>
    </ClCompile>
    <ClCompile Include="GameFuncs\multiplayer\MultiPlayer_Host.cpp">
      <Filter>Source Files</Filter>
    </ClCompile>
    <ClCompile Include="Server\Server.cpp">
      <Filter>Source Files</Filter>
    </ClCompile>
    <ClCompile Include="Server\ImGui\imgui.cpp">
      <Filter>Source Files</Filter>
    </ClCompile>
    <ClCompile Include="Server\ImGui\imgui_draw.cpp">
      <Filter>Source Files</Filter>
    </ClCompile>
    <ClCompile Include="Server\ImGui\imgui_impl_dx9.cpp">
      <Filter>Source Files</Filter>
    </ClCompile>
    <ClCompile Include="Server\ImGui\imgui_impl_win32.cpp">
      <Filter>Source Files</Filter>
    </ClCompile>
    <ClCompile Include="Server\ImGui\imgui_tables.cpp">
      <Filter>Source Files</Filter>
    </ClCompile>
    <ClCompile Include="Server\ImGui\imgui_widgets.cpp">
      <Filter>Source Files</Filter>
    </ClCompile>
    <ClCompile Include="GameFuncs\system\Debug.cpp">
      <Filter>Source Files</Filter>
    </ClCompile>
    <ClCompile Include="GameFuncs\coregame\Message.cpp">
      <Filter>Source Files</Filter>
    </ClCompile>
    <ClCompile Include="GameFuncs\interface\IFace_Util.cpp">
      <Filter>Source Files</Filter>
    </ClCompile>
    <ClCompile Include="Patches\SingleInstancePatch.cpp">
      <Filter>Source Files</Filter>
    </ClCompile>
    <ClCompile Include="GameFuncs\main\MainInit.cpp">
      <Filter>Source Files</Filter>
    </ClCompile>
    <ClCompile Include="GameFuncs\graphics\Vid_Config.cpp">
      <Filter>Source Files</Filter>
    </ClCompile>
    <ClCompile Include="Server\UserListModule.cpp">
      <Filter>Source Files</Filter>
    </ClCompile>
    <ClCompile Include="GameFuncs\coregame_objects\UnitObj.cpp">
      <Filter>Source Files</Filter>
    </ClCompile>
    <ClCompile Include="Utils\GameConsole.cpp">
      <Filter>Source Files</Filter>
    </ClCompile>
    <ClCompile Include="GameFuncs\coregame_orders\Orders.cpp">
      <Filter>Source Files</Filter>
    </ClCompile>
    <ClCompile Include="Handlers\Handlers.cpp">
      <Filter>Source Files</Filter>
    </ClCompile>
    <ClCompile Include="GameFuncs\coregame_interface\Client.cpp">
      <Filter>Source Files</Filter>
    </ClCompile>
    <ClCompile Include="MapObject.cpp">
      <Filter>Source Files</Filter>
    </ClCompile>
    <ClCompile Include="MapObjManager.cpp">
      <Filter>Source Files</Filter>
    </ClCompile>
    <ClCompile Include="LuaEngine\LuaMapObject.cpp">
      <Filter>Source Files</Filter>
    </ClCompile>
    <ClCompile Include="LuaEngine\LuaMapObjManager.cpp">
      <Filter>Source Files</Filter>
    </ClCompile>
    <ClCompile Include="Testing\Testing.cpp">
      <Filter>Source Files</Filter>
    </ClCompile>
    <ClCompile Include="Utils\Internals.cpp">
      <Filter>Source Files</Filter>
    </ClCompile>
    <ClCompile Include="GameFuncs\game\Missions.cpp">
      <Filter>Source Files</Filter>
    </ClCompile>
    <ClCompile Include="LuaEngine\GameFuncs\util\LuaVarSys.cpp">
      <Filter>Source Files</Filter>
    </ClCompile>
    <ClCompile Include="LuaEngine\GameFuncs\util\LuaConsole.cpp">
      <Filter>Source Files</Filter>
    </ClCompile>
    <ClCompile Include="Game\StudioGame.cpp">
      <Filter>Source Files</Filter>
    </ClCompile>
    <ClCompile Include="GameFuncs\coregame_interface\Client_events.cpp">
      <Filter>Source Files</Filter>
    </ClCompile>
    <ClCompile Include="LuaEngine\GameFuncs\coregame_interface\LuaClientEvents.cpp">
      <Filter>Source Files</Filter>
    </ClCompile>
    <ClCompile Include="GameFuncs\coregame_orders\Orders_game_move.cpp">
      <Filter>Source Files</Filter>
    </ClCompile>
    <ClCompile Include="LuaEngine\GameFuncs\coregame_orders\LuaOrdersGameMove.cpp">
      <Filter>Source Files</Filter>
    </ClCompile>
    <ClCompile Include="LuaEngine\LuaInternals.cpp">
      <Filter>Source Files</Filter>
    </ClCompile>
    <ClCompile Include="LuaEngine\GameFuncs\multiplayer\LuaMultiplayerData.cpp">
      <Filter>Source Files</Filter>
    </ClCompile>
    <ClCompile Include="GameFuncs\interface\IFace.cpp">
      <Filter>Source Files</Filter>
    </ClCompile>
    <ClCompile Include="LuaEngine\GameFuncs\interface\LuaIFace.cpp">
      <Filter>Source Files</Filter>
    </ClCompile>
    <ClCompile Include="LuaEngine\LuaSquadManager.cpp">
      <Filter>Source Files</Filter>
    </ClCompile>
    <ClCompile Include="GameFuncs\coregame_orders\Orders_game_constructor.cpp">
      <Filter>Source Files</Filter>
    </ClCompile>
    <ClCompile Include="LuaEngine\LuaFun.cpp">
      <Filter>Source Files</Filter>
    </ClCompile>
    <ClCompile Include="GameFuncs\coregame\Team.cpp">
      <Filter>Source Files</Filter>
    </ClCompile>
    <ClCompile Include="GameFuncs\coregame_interface\Common_mapwindow.cpp">
      <Filter>Source Files</Filter>
    </ClCompile>
    <ClCompile Include="GameFuncs\interface\IFace_messagebox.cpp">
      <Filter>Source Files</Filter>
    </ClCompile>
    <ClCompile Include="GameFuncs\interface\Messagebox_event.cpp">
      <Filter>Source Files</Filter>
    </ClCompile>
    <ClCompile Include="GameFuncs\coregame\TerrainData.cpp">
      <Filter>Source Files</Filter>
    </ClCompile>
    <ClCompile Include="Game\studio_brush_terrainGen.cpp">
      <Filter>Source Files</Filter>
    </ClCompile>
    <ClCompile Include="GameFuncs\coregame_interface\Studio_brush_area.cpp">
      <Filter>Source Files</Filter>
    </ClCompile>
    <ClCompile Include="LuaEngine\LuaTerrainGen.cpp">
      <Filter>Source Files</Filter>
    </ClCompile>
    <ClCompile Include="Utils\PerlinNoise.cpp">
      <Filter>Source Files</Filter>
    </ClCompile>
    <ClCompile Include="LuaEngine\LuaMath.cpp">
      <Filter>Source Files</Filter>
    </ClCompile>
    <ClCompile Include="LuaEngine\LuaTeam.cpp">
      <Filter>Source Files</Filter>
    </ClCompile>
    <ClCompile Include="GameFuncs\coregame\Game.cpp">
      <Filter>Source Files</Filter>
    </ClCompile>
    <ClCompile Include="GameFuncs\coregame\Coregame.cpp">
      <Filter>Source Files</Filter>
    </ClCompile>
    <ClCompile Include="GameFuncs\coregame_objects\MapObjCtrl.cpp">
      <Filter>Source Files</Filter>
    </ClCompile>
  </ItemGroup>
  <ItemGroup>
    <ClInclude Include="Hooks\Hooks.h">
      <Filter>Header Files</Filter>
    </ClInclude>
    <ClInclude Include="GameFuncs\coregame_interface\Studio.h">
      <Filter>Header Files</Filter>
    </ClInclude>
    <ClInclude Include="GameFuncs\game\GameGod.h">
      <Filter>Header Files</Filter>
    </ClInclude>
    <ClInclude Include="GameFuncs\main\RunCodes.h">
      <Filter>Header Files</Filter>
    </ClInclude>
    <ClInclude Include="GameFuncs\system\Log.h">
      <Filter>Header Files</Filter>
    </ClInclude>
    <ClInclude Include="GameFuncs\game\GameTime.h">
      <Filter>Header Files</Filter>
    </ClInclude>
    <ClInclude Include="Memory\Memory.h">
      <Filter>Header Files</Filter>
    </ClInclude>
    <ClInclude Include="Patches\Patches.h">
      <Filter>Header Files</Filter>
    </ClInclude>
    <ClInclude Include="Patches\ConsoleEditPatch.h">
      <Filter>Header Files</Filter>
    </ClInclude>
    <ClInclude Include="GameFuncs\util\VarSys.h">
      <Filter>Header Files</Filter>
    </ClInclude>
    <ClInclude Include="GameFuncs\graphics\Terrain.h">
      <Filter>Header Files</Filter>
    </ClInclude>
    <ClInclude Include="GameFuncs\graphics\Vid.h">
      <Filter>Header Files</Filter>
    </ClInclude>
    <ClInclude Include="GameFuncs\multiplayer\MultiPlayer_Data.h">
      <Filter>Header Files</Filter>
    </ClInclude>
    <ClInclude Include="GameFuncs\system\Utils.h">
      <Filter>Header Files</Filter>
    </ClInclude>
    <ClInclude Include="GameFuncs\system\defines.h">
      <Filter>Header Files</Filter>
    </ClInclude>
    <ClInclude Include="LuaEngine\LuaEngine.h">
      <Filter>Header Files</Filter>
    </ClInclude>
    <ClInclude Include="Settings.h">
      <Filter>Header Files</Filter>
    </ClInclude>
    <ClInclude Include="GameFuncs\system\Crc.h">
      <Filter>Header Files</Filter>
    </ClInclude>
    <ClInclude Include="GameFuncs\styxnet\Styxnet_Client.h">
      <Filter>Header Files</Filter>
    </ClInclude>
    <ClInclude Include="GameFuncs\util\Console.h">
      <Filter>Header Files</Filter>
    </ClInclude>
    <ClInclude Include="GameFuncs\multiplayer\MultiPlayer_Host.h">
      <Filter>Header Files</Filter>
    </ClInclude>
    <ClInclude Include="Server\Server.h">
      <Filter>Header Files</Filter>
    </ClInclude>
    <ClInclude Include="Server\ImGui\imconfig.h">
      <Filter>Header Files</Filter>
    </ClInclude>
    <ClInclude Include="Server\ImGui\imgui.h">
      <Filter>Header Files</Filter>
    </ClInclude>
    <ClInclude Include="Server\ImGui\imgui_impl_dx9.h">
      <Filter>Header Files</Filter>
    </ClInclude>
    <ClInclude Include="Server\ImGui\imgui_impl_win32.h">
      <Filter>Header Files</Filter>
    </ClInclude>
    <ClInclude Include="Server\ImGui\imgui_internal.h">
      <Filter>Header Files</Filter>
    </ClInclude>
    <ClInclude Include="Server\ImGui\imstb_rectpack.h">
      <Filter>Header Files</Filter>
    </ClInclude>
    <ClInclude Include="Server\ImGui\imstb_textedit.h">
      <Filter>Header Files</Filter>
    </ClInclude>
    <ClInclude Include="Server\ImGui\imstb_truetype.h">
      <Filter>Header Files</Filter>
    </ClInclude>
    <ClInclude Include="GameFuncs\system\Debug.h">
      <Filter>Header Files</Filter>
    </ClInclude>
    <ClInclude Include="GameFuncs\coregame\Message.h">
      <Filter>Header Files</Filter>
    </ClInclude>
    <ClInclude Include="GameFuncs\interface\IFace_Util.h">
      <Filter>Header Files</Filter>
    </ClInclude>
    <ClInclude Include="Patches\SingleInstancePatch.h">
      <Filter>Header Files</Filter>
    </ClInclude>
    <ClInclude Include="GameFuncs\main\Main.h">
      <Filter>Header Files</Filter>
    </ClInclude>
    <ClInclude Include="Utils\CursorLocking.h">
      <Filter>Header Files</Filter>
    </ClInclude>
    <ClInclude Include="Server\UserListModule.h">
      <Filter>Header Files</Filter>
    </ClInclude>
    <ClInclude Include="GameFuncs\coregame_objects\UnitObj.h">
      <Filter>Header Files</Filter>
    </ClInclude>
    <ClInclude Include="Utils\GameConsole.h">
      <Filter>Header Files</Filter>
    </ClInclude>
    <ClInclude Include="GameFuncs\coregame_orders\Orders.h">
      <Filter>Header Files</Filter>
    </ClInclude>
    <ClInclude Include="Handlers\Handlers.h">
      <Filter>Header Files</Filter>
    </ClInclude>
    <ClInclude Include="Utils\Internals.h">
      <Filter>Header Files</Filter>
    </ClInclude>
    <ClInclude Include="GameFuncs\coregame_interface\Client.h">
      <Filter>Header Files</Filter>
    </ClInclude>
    <ClInclude Include="MapObject.h">
      <Filter>Header Files</Filter>
    </ClInclude>
    <ClInclude Include="MapObjManager.h">
      <Filter>Header Files</Filter>
    </ClInclude>
    <ClInclude Include="LuaEngine\LuaMapObject.h">
      <Filter>Header Files</Filter>
    </ClInclude>
    <ClInclude Include="LuaEngine\LuaMapObjManager.h">
      <Filter>Header Files</Filter>
    </ClInclude>
    <ClInclude Include="Testing\Testing.h">
      <Filter>Header Files</Filter>
    </ClInclude>
    <ClInclude Include="main.h">
      <Filter>Header Files</Filter>
    </ClInclude>
    <ClInclude Include="GameFuncs\game\Missions.h">
      <Filter>Header Files</Filter>
    </ClInclude>
    <ClInclude Include="LuaEngine\GameFuncs\util\LuaVarSys.h">
      <Filter>Header Files</Filter>
    </ClInclude>
    <ClInclude Include="LuaEngine\GameFuncs\util\LuaConsole.h">
      <Filter>Header Files</Filter>
    </ClInclude>
    <ClInclude Include="Game\StudioGame.h">
      <Filter>Header Files</Filter>
    </ClInclude>
    <ClInclude Include="GameFuncs\coregame_interface\Client_events.h">
      <Filter>Header Files</Filter>
    </ClInclude>
    <ClInclude Include="LuaEngine\GameFuncs\coregame_interface\LuaClientEvents.h">
      <Filter>Header Files</Filter>
    </ClInclude>
    <ClInclude Include="GameFuncs\coregame_orders\Orders_game_move.h">
      <Filter>Header Files</Filter>
    </ClInclude>
    <ClInclude Include="LuaEngine\GameFuncs\coregame_orders\LuaOrdersGameMove.h">
      <Filter>Header Files</Filter>
    </ClInclude>
    <ClInclude Include="LuaEngine\LuaInternals.h">
      <Filter>Header Files</Filter>
    </ClInclude>
    <ClInclude Include="LuaEngine\GameFuncs\multiplayer\LuaMultiplayerData.h">
      <Filter>Header Files</Filter>
    </ClInclude>
    <ClInclude Include="GameFuncs\interface\IFace.h">
      <Filter>Header Files</Filter>
    </ClInclude>
    <ClInclude Include="LuaEngine\GameFuncs\interface\LuaIFace.h">
      <Filter>Header Files</Filter>
    </ClInclude>
    <ClInclude Include="LuaEngine\LuaSquadManager.h">
      <Filter>Header Files</Filter>
    </ClInclude>
    <ClInclude Include="GameFuncs\coregame_orders\Orders_game_constructor.h">
      <Filter>Header Files</Filter>
    </ClInclude>
    <ClInclude Include="LuaEngine\LuaFun.h">
      <Filter>Header Files</Filter>
    </ClInclude>
    <ClInclude Include="GameFuncs\coregame\Team.h">
      <Filter>Header Files</Filter>
    </ClInclude>
    <ClInclude Include="GameFuncs\coregame_interface\Common_mapwindow.h">
      <Filter>Header Files</Filter>
    </ClInclude>
    <ClInclude Include="GameFuncs\coregame\releation.h">
      <Filter>Header Files</Filter>
    </ClInclude>
    <ClInclude Include="GameFuncs\interface\IFace_messagebox.h">
      <Filter>Header Files</Filter>
    </ClInclude>
    <ClInclude Include="GameFuncs\interface\Messagebox_event.h">
      <Filter>Header Files</Filter>
    </ClInclude>
    <ClInclude Include="GameFuncs\coregame\TerrainData.h">
      <Filter>Header Files</Filter>
    </ClInclude>
    <ClInclude Include="Game\studio_brush_terrainGen.h">
      <Filter>Header Files</Filter>
    </ClInclude>
    <ClInclude Include="GameFuncs\coregame_interface\Studio_brush_area.h">
      <Filter>Header Files</Filter>
    </ClInclude>
    <ClInclude Include="LuaEngine\LuaTerrainGen.h">
      <Filter>Header Files</Filter>
    </ClInclude>
    <ClInclude Include="Utils\PerlinNoise.h">
      <Filter>Header Files</Filter>
    </ClInclude>
    <ClInclude Include="LuaEngine\LuaMath.h">
      <Filter>Header Files</Filter>
    </ClInclude>
    <ClInclude Include="LuaEngine\LuaTeam.h">
      <Filter>Header Files</Filter>
    </ClInclude>
    <ClInclude Include="GameFuncs\coregame\Game.h">
      <Filter>Header Files</Filter>
    </ClInclude>
    <ClInclude Include="GameFuncs\coregame\Coregame.h">
      <Filter>Header Files</Filter>
    </ClInclude>
    <ClInclude Include="GameFuncs\coregame_objects\MapObjCtrl.h">
      <Filter>Header Files</Filter>
    </ClInclude>
  </ItemGroup>
  <ItemGroup>
    <None Include="settings.json" />
  </ItemGroup>
</Project>